
Microsoft Visual Studio Solution File, Format Version 12.00
# Visual Studio Version 16
VisualStudioVersion = 16.0.31410.357
MinimumVisualStudioVersion = 10.0.40219.1
Project("{8BC9CEB8-8B4A-11D0-8D11-00A0C91BC942}") = "GraphViewerGUI", "GraphViewerGUI\GraphViewerGUI.vcxproj", "{A836BC6C-AF34-40C3-AA55-31C366642EBD}"
EndProject
Global
	GlobalSection(SolutionConfigurationPlatforms) = preSolution
		Debug|x64 = Debug|x64
		Release|x64 = Release|x64
	EndGlobalSection
	GlobalSection(ProjectConfigurationPlatforms) = postSolution
		{A836BC6C-AF34-40C3-AA55-31C366642EBD}.Debug|x64.ActiveCfg = Debug|x64
		{A836BC6C-AF34-40C3-AA55-31C366642EBD}.Debug|x64.Build.0 = Debug|x64
		{A836BC6C-AF34-40C3-AA55-31C366642EBD}.Release|x64.ActiveCfg = Release|x64
		{A836BC6C-AF34-40C3-AA55-31C366642EBD}.Release|x64.Build.0 = Release|x64
	EndGlobalSection
	GlobalSection(SolutionProperties) = preSolution
		HideSolutionNode = FALSE
	EndGlobalSection
	GlobalSection(ExtensibilityGlobals) = postSolution
		SolutionGuid = {E29FE4BA-B6A3-4515-9CC7-C8F7788BA062}
	EndGlobalSection
EndGlobal
